
Microsoft Visual Studio Solution File, Format Version 12.00
# Visual Studio Version 16
VisualStudioVersion = 16.0.29215.179
MinimumVisualStudioVersion = 10.0.40219.1
Project("{FAE04EC0-301F-11D3-BF4B-00C04F79EFBC}") = "mvcPhone", "mvcPhone\mvcPhone.csproj", "{2E516811-B125-458C-82AA-33776B587B03}"
EndProject
Project("{FAE04EC0-301F-11D3-BF4B-00C04F79EFBC}") = "apiPhone", "apiPhone\apiPhone.csproj", "{552A963A-1E07-46FA-BAB1-FB5CAC340AE1}"
EndProject
Global
	GlobalSection(SolutionConfigurationPlatforms) = preSolution
		Debug|Any CPU = Debug|Any CPU
		Release|Any CPU = Release|Any CPU
	EndGlobalSection
	GlobalSection(ProjectConfigurationPlatforms) = postSolution
		{2E516811-B125-458C-82AA-33776B587B03}.Debug|Any CPU.ActiveCfg = Debug|Any CPU
		{2E516811-B125-458C-82AA-33776B587B03}.Debug|Any CPU.Build.0 = Debug|Any CPU
		{2E516811-B125-458C-82AA-33776B587B03}.Release|Any CPU.ActiveCfg = Release|Any CPU
		{2E516811-B125-458C-82AA-33776B587B03}.Release|Any CPU.Build.0 = Release|Any CPU
		{552A963A-1E07-46FA-BAB1-FB5CAC340AE1}.Debug|Any CPU.ActiveCfg = Debug|Any CPU
		{552A963A-1E07-46FA-BAB1-FB5CAC340AE1}.Debug|Any CPU.Build.0 = Debug|Any CPU
		{552A963A-1E07-46FA-BAB1-FB5CAC340AE1}.Release|Any CPU.ActiveCfg = Release|Any CPU
		{552A963A-1E07-46FA-BAB1-FB5CAC340AE1}.Release|Any CPU.Build.0 = Release|Any CPU
	EndGlobalSection
	GlobalSection(SolutionProperties) = preSolution
		HideSolutionNode = FALSE
	EndGlobalSection
	GlobalSection(ExtensibilityGlobals) = postSolution
		SolutionGuid = {DF338403-2CA2-4D78-9AA0-B9C7BA5C3879}
	EndGlobalSection
EndGlobal
